PODS:
  - OriginateFoundation (0.0.1):
    - OriginateFoundation/Functional (= 0.0.1)
    - OriginateFoundation/ISO8601 (= 0.0.1)
    - OriginateFoundation/Log (= 0.0.1)
    - OriginateFoundation/SafeBlocks (= 0.0.1)
  - OriginateFoundation/Functional (0.0.1)
  - OriginateFoundation/ISO8601 (0.0.1)
  - OriginateFoundation/Log (0.0.1)
  - OriginateFoundation/SafeBlocks (0.0.1)

DEPENDENCIES:
  - OriginateFoundation (from `../`)

EXTERNAL SOURCES:
  OriginateFoundation:
    :path: "../"

SPEC CHECKSUMS:
  OriginateFoundation: 03c61bc196930505399f51c230f5b01477dc18fd

PODFILE CHECKSUM: 5984a1999ffb39e7ed556add8c7feadf0299f528

COCOAPODS: 1.0.1
